
Microsoft Visual Studio Solution File, Format Version 12.00
# Visual Studio Version 17
VisualStudioVersion = 17.1.32414.318
MinimumVisualStudioVersion = 10.0.40219.1
Project("{FAE04EC0-301F-11D3-BF4B-00C04F79EFBC}") = "LineComparision", "LineComparision\LineComparision.csproj", "{FAF04117-836C-4A4A-BB82-ECD7B558973D}"
EndProject
Global
	GlobalSection(SolutionConfigurationPlatforms) = preSolution
		Debug|Any CPU = Debug|Any CPU
		Release|Any CPU = Release|Any CPU
	EndGlobalSection
	GlobalSection(ProjectConfigurationPlatforms) = postSolution
		{FAF04117-836C-4A4A-BB82-ECD7B558973D}.Debug|Any CPU.ActiveCfg = Debug|Any CPU
		{FAF04117-836C-4A4A-BB82-ECD7B558973D}.Debug|Any CPU.Build.0 = Debug|Any CPU
		{FAF04117-836C-4A4A-BB82-ECD7B558973D}.Release|Any CPU.ActiveCfg = Release|Any CPU
		{FAF04117-836C-4A4A-BB82-ECD7B558973D}.Release|Any CPU.Build.0 = Release|Any CPU
	EndGlobalSection
	GlobalSection(SolutionProperties) = preSolution
		HideSolutionNode = FALSE
	EndGlobalSection
	GlobalSection(ExtensibilityGlobals) = postSolution
		SolutionGuid = {7F6A6556-FED0-445A-8C5D-4CB26A7D8EAE}
	EndGlobalSection
EndGlobal
